<?xml version="1.0" encoding="utf-8"?>
<Project ToolsVersion="4.0" xmlns="http://schemas.microsoft.com/developer/msbuild/2003">
  <ItemGroup>
    <Filter Include="ResourceHandler">
      <UniqueIdentifier>{1e0dbecf-cecf-46d7-8cae-91c50548fd50}</UniqueIdentifier>
    </Filter>
    <Filter Include="GDHandler">
      <UniqueIdentifier>{5577b1b8-81d6-488e-be2b-2995043604d0}</UniqueIdentifier>
    </Filter>
    <Filter Include="Stuffs">
      <UniqueIdentifier>{1d9d5d7f-295b-444b-9224-448ff25a5ad0}</UniqueIdentifier>
    </Filter>
    <Filter Include="CaseHandler">
      <UniqueIdentifier>{0d29b028-d29c-401b-9919-6be99bf2456f}</UniqueIdentifier>
    </Filter>
    <Filter Include="Gui">
      <UniqueIdentifier>{e120c000-fdd6-412f-abed-bad3b9cd864b}</UniqueIdentifier>
    </Filter>
    <Filter Include="Gui\GuiComponent">
      <UniqueIdentifier>{96694b9e-f891-41d4-b809-03eebc058b5e}</UniqueIdentifier>
    </Filter>
    <Filter Include="Feel">
      <UniqueIdentifier>{7d8fb41f-8b74-48b6-b3c6-fe93098d3489}</UniqueIdentifier>
    </Filter>
    <Filter Include="Monster">
      <UniqueIdentifier>{d74eb48b-adeb-477d-a16f-26623d6a2faa}</UniqueIdentifier>
    </Filter>
    <Filter Include="Main">
      <UniqueIdentifier>{6baf7809-f933-458d-a84c-726dd6e17f59}</UniqueIdentifier>
    </Filter>
    <Filter Include="base">
      <UniqueIdentifier>{59fcb886-ffe0-41fe-85f7-77bffe86126e}</UniqueIdentifier>
    </Filter>
    <Filter Include="imgui">
      <UniqueIdentifier>{839f0758-b8e0-481c-bf1f-627dac3147a0}</UniqueIdentifier>
    </Filter>
    <Filter Include="Timer">
      <UniqueIdentifier>{05307b5b-9ef1-4d80-9451-c15845274f1a}</UniqueIdentifier>
    </Filter>
  </ItemGroup>
  <ItemGroup>
    <ClCompile Include="..\src\GDHandler\GDContext.cpp">
      <Filter>GDHandler</Filter>
    </ClCompile>
    <ClCompile Include="..\src\GDHandler\GDHandler.cpp">
      <Filter>GDHandler</Filter>
    </ClCompile>
    <ClCompile Include="..\src\GDHandler\GDSystem.cpp">
      <Filter>GDHandler</Filter>
    </ClCompile>
    <ClCompile Include="..\src\GDHandler\ResourceHandler.cpp">
      <Filter>ResourceHandler</Filter>
    </ClCompile>
    <ClCompile Include="..\src\GDHandler\ResourcePaths.cpp">
      <Filter>ResourceHandler</Filter>
    </ClCompile>
    <ClCompile Include="..\src\GDHandler\stuff\Stuff.cpp">
      <Filter>Stuffs</Filter>
    </ClCompile>
    <ClCompile Include="..\src\Stuffs\CaseObject.cpp">
      <Filter>Stuffs</Filter>
    </ClCompile>
    <ClCompile Include="..\src\Stuffs\ColliderMesh.cpp">
      <Filter>Stuffs</Filter>
    </ClCompile>
    <ClCompile Include="..\src\Stuffs\EntityObject.cpp">
      <Filter>Stuffs</Filter>
    </ClCompile>
    <ClCompile Include="..\src\Stuffs\ImageObject.cpp">
      <Filter>Stuffs</Filter>
    </ClCompile>
    <ClCompile Include="..\src\Stuffs\Material.cpp">
      <Filter>Stuffs</Filter>
    </ClCompile>
    <ClCompile Include="..\src\Stuffs\RenderMesh.cpp">
      <Filter>Stuffs</Filter>
    </ClCompile>
    <ClCompile Include="..\src\Stuffs\SceneObject.cpp">
      <Filter>Stuffs</Filter>
    </ClCompile>
    <ClCompile Include="..\src\Stuffs\ShaderObject.cpp">
      <Filter>Stuffs</Filter>
    </ClCompile>
    <ClCompile Include="..\src\CaseHandler\CaseHandler.cpp">
      <Filter>CaseHandler</Filter>
    </ClCompile>
    <ClCompile Include="..\src\CaseHandler\CaseSaver.cpp">
      <Filter>CaseHandler</Filter>
    </ClCompile>
    <ClCompile Include="..\src\Gui\Gui.cpp">
      <Filter>Gui</Filter>
    </ClCompile>
    <ClCompile Include="..\src\Gui\GuiComponents\_SceneTabComponent.cpp">
      <Filter>Gui\GuiComponent</Filter>
    </ClCompile>
    <ClCompile Include="..\src\Gui\GuiComponents\AddTabComponent.cpp">
      <Filter>Gui\GuiComponent</Filter>
    </ClCompile>
    <ClCompile Include="..\src\Gui\GuiComponents\GuiComponents.cpp">
      <Filter>Gui\GuiComponent</Filter>
    </ClCompile>
    <ClCompile Include="..\src\Gui\GuiComponents\HUD.cpp">
      <Filter>Gui\GuiComponent</Filter>
    </ClCompile>
    <ClCompile Include="..\src\Gui\GuiComponents\ObjectTabComponent.cpp">
      <Filter>Gui\GuiComponent</Filter>
    </ClCompile>
    <ClCompile Include="..\src\Gui\GuiComponents\ReourceTabComponent.cpp">
      <Filter>Gui\GuiComponent</Filter>
    </ClCompile>
    <ClCompile Include="..\src\Gui\GuiComponents\RSUSTabComponent.cpp">
      <Filter>Gui\GuiComponent</Filter>
    </ClCompile>
    <ClCompile Include="..\src\Gui\GuiComponents\ScenePanel.cpp">
      <Filter>Gui\GuiComponent</Filter>
    </ClCompile>
    <ClCompile Include="..\src\Gui\GuiComponents\StatusTabComponent.cpp">
      <Filter>Gui\GuiComponent</Filter>
    </ClCompile>
    <ClCompile Include="..\src\Gui\GuiComponents\TestingTab.cpp">
      <Filter>Gui\GuiComponent</Filter>
    </ClCompile>
    <ClCompile Include="..\src\Gui\GuiComponents\ToastComponent.cpp">
      <Filter>Gui\GuiComponent</Filter>
    </ClCompile>
    <ClCompile Include="..\src\Gui\GuiComponents\ToastTabComponent.cpp">
      <Filter>Gui\GuiComponent</Filter>
    </ClCompile>
    <ClCompile Include="..\src\feel\Feel.cpp">
      <Filter>Feel</Filter>
    </ClCompile>
    <ClCompile Include="..\src\feel\KeyHandler.cpp">
      <Filter>Feel</Filter>
    </ClCompile>
    <ClCompile Include="..\src\feel\Keys.cpp">
      <Filter>Feel</Filter>
    </ClCompile>
    <ClCompile Include="..\src\feel\playerMovement.cpp">
      <Filter>Feel</Filter>
    </ClCompile>
    <ClCompile Include="..\src\monster\Monster.cpp">
      <Filter>Monster</Filter>
    </ClCompile>
    <ClCompile Include="..\src\monster\terrain.cpp">
      <Filter>Monster</Filter>
    </ClCompile>
    <ClCompile Include="..\src\ResourceHandler\ResourceLoader.cpp">
      <Filter>ResourceHandler</Filter>
    </ClCompile>
    <ClCompile Include="..\src\ResourceHandler\ResourceManager.cpp">
      <Filter>ResourceHandler</Filter>
    </ClCompile>
    <ClCompile Include="..\src\ResourceHandler\ResourceObjects.cpp">
      <Filter>ResourceHandler</Filter>
    </ClCompile>
    <ClCompile Include="..\src\ResourceHandler\ResourceReader.cpp">
      <Filter>ResourceHandler</Filter>
    </ClCompile>
    <ClCompile Include="..\src\ResourceHandler\ResourceSaver.cpp">
      <Filter>ResourceHandler</Filter>
    </ClCompile>
    <ClCompile Include="..\src\main.cpp">
      <Filter>Main</Filter>
    </ClCompile>
    <ClCompile Include="..\src\base\Mediator.cpp">
      <Filter>base</Filter>
    </ClCompile>
    <ClCompile Include="..\src\base\Observer.cpp">
      <Filter>base</Filter>
    </ClCompile>
    <ClCompile Include="..\src\imgui_stdlib.cpp">
      <Filter>imgui</Filter>
    </ClCompile>
    <ClCompile Include="..\src\timer\glock.cpp">
      <Filter>Timer</Filter>
    </ClCompile>
  </ItemGroup>
  <ItemGroup>
    <ClInclude Include="..\src\GDHandler\GDContext.h">
      <Filter>GDHandler</Filter>
    </ClInclude>
    <ClInclude Include="..\src\GDHandler\GDHandler.h">
      <Filter>GDHandler</Filter>
    </ClInclude>
    <ClInclude Include="..\src\GDHandler\GDSystem.h">
      <Filter>GDHandler</Filter>
    </ClInclude>
    <ClInclude Include="..\src\GDHandler\StartPlatinum.h">
      <Filter>GDHandler</Filter>
    </ClInclude>
    <ClInclude Include="..\src\GDHandler\ResourceHandler.h">
      <Filter>ResourceHandler</Filter>
    </ClInclude>
    <ClInclude Include="..\src\GDHandler\ResourcePaths.h">
      <Filter>ResourceHandler</Filter>
    </ClInclude>
    <ClInclude Include="..\src\GDHandler\stuff\Stuff.h">
      <Filter>Stuffs</Filter>
    </ClInclude>
    <ClInclude Include="..\src\Stuffs\CaseObject.h">
      <Filter>Stuffs</Filter>
    </ClInclude>
    <ClInclude Include="..\src\Stuffs\ColliderMesh.h">
      <Filter>Stuffs</Filter>
    </ClInclude>
    <ClInclude Include="..\src\Stuffs\EntityObject.h">
      <Filter>Stuffs</Filter>
    </ClInclude>
    <ClInclude Include="..\src\Stuffs\ImageObject.h">
      <Filter>Stuffs</Filter>
    </ClInclude>
    <ClInclude Include="..\src\Stuffs\Material.h">
      <Filter>Stuffs</Filter>
    </ClInclude>
    <ClInclude Include="..\src\Stuffs\RenderMesh.h">
      <Filter>Stuffs</Filter>
    </ClInclude>
    <ClInclude Include="..\src\Stuffs\SceneObject.h">
      <Filter>Stuffs</Filter>
    </ClInclude>
    <ClInclude Include="..\src\Stuffs\ShaderObject.h">
      <Filter>Stuffs</Filter>
    </ClInclude>
    <ClInclude Include="..\src\CaseHandler\CaseHandler.h">
      <Filter>CaseHandler</Filter>
    </ClInclude>
    <ClInclude Include="..\src\Gui\Gui.h">
      <Filter>Gui</Filter>
    </ClInclude>
    <ClInclude Include="..\src\Gui\GuiComponents.h">
      <Filter>Gui</Filter>
    </ClInclude>
    <ClInclude Include="..\src\Gui\GuiComponents\_SceneTabComponent.h">
      <Filter>Gui\GuiComponent</Filter>
    </ClInclude>
    <ClInclude Include="..\src\Gui\GuiComponents\AddTabComponent.h">
      <Filter>Gui\GuiComponent</Filter>
    </ClInclude>
    <ClInclude Include="..\src\Gui\GuiComponents\GuiComponents.h">
      <Filter>Gui\GuiComponent</Filter>
    </ClInclude>
    <ClInclude Include="..\src\Gui\GuiComponents\ObjectTabComponent.h">
      <Filter>Gui\GuiComponent</Filter>
    </ClInclude>
    <ClInclude Include="..\src\Gui\GuiComponents\ReourceTabComponent.h">
      <Filter>Gui\GuiComponent</Filter>
    </ClInclude>
    <ClInclude Include="..\src\Gui\GuiComponents\RSUSTabComponent.h">
      <Filter>Gui\GuiComponent</Filter>
    </ClInclude>
    <ClInclude Include="..\src\Gui\GuiComponents\ScenePanel.h">
      <Filter>Gui\GuiComponent</Filter>
    </ClInclude>
    <ClInclude Include="..\src\Gui\GuiComponents\StatusTabComponent.h">
      <Filter>Gui\GuiComponent</Filter>
    </ClInclude>
    <ClInclude Include="..\src\Gui\GuiComponents\TestingTab.h">
      <Filter>Gui\GuiComponent</Filter>
    </ClInclude>
    <ClInclude Include="..\src\Gui\GuiComponents\ToastComponent.h">
      <Filter>Gui\GuiComponent</Filter>
    </ClInclude>
    <ClInclude Include="..\src\Gui\GuiComponents\ToastTabComponent.h">
      <Filter>Gui\GuiComponent</Filter>
    </ClInclude>
    <ClInclude Include="..\src\feel\Feel.h">
      <Filter>Feel</Filter>
    </ClInclude>
    <ClInclude Include="..\src\feel\KeyHandler.h">
      <Filter>Feel</Filter>
    </ClInclude>
    <ClInclude Include="..\src\feel\Keys.h">
      <Filter>Feel</Filter>
    </ClInclude>
    <ClInclude Include="..\src\feel\playerMovement.h">
      <Filter>Feel</Filter>
    </ClInclude>
    <ClInclude Include="..\src\monster\Monster.h">
      <Filter>Monster</Filter>
    </ClInclude>
    <ClInclude Include="..\src\monster\terrain.h">
      <Filter>Monster</Filter>
    </ClInclude>
    <ClInclude Include="..\src\ResourceHandler\ResourceLoader.h">
      <Filter>ResourceHandler</Filter>
    </ClInclude>
    <ClInclude Include="..\src\ResourceHandler\ResourceManager.h">
      <Filter>ResourceHandler</Filter>
    </ClInclude>
    <ClInclude Include="..\src\ResourceHandler\ResourceObjects.h">
      <Filter>ResourceHandler</Filter>
    </ClInclude>
    <ClInclude Include="..\src\ResourceHandler\ResourceReader.h">
      <Filter>ResourceHandler</Filter>
    </ClInclude>
    <ClInclude Include="..\src\ResourceHandler\ResourceSaver.h">
      <Filter>ResourceHandler</Filter>
    </ClInclude>
    <ClInclude Include="..\src\base\Mediator.h">
      <Filter>base</Filter>
    </ClInclude>
    <ClInclude Include="..\src\base\Observer.h">
      <Filter>base</Filter>
    </ClInclude>
    <ClInclude Include="..\src\imgui_stdlib.h">
      <Filter>imgui</Filter>
    </ClInclude>
    <ClInclude Include="..\src\timer\glock.h">
      <Filter>Timer</Filter>
    </ClInclude>
  </ItemGroup>
</Project>